{
  "name": "manysounds",
  "version": "1.0.0",
  "lockfileVersion": 1,
  "requires": true,
  "dependencies": {
    "now": {
      "version": "16.7.0",
      "resolved": "https://registry.npmjs.org/now/-/now-16.7.0.tgz",
      "integrity": "sha512-YUMFYphAxcLE441/o2h55QgtXerF3M0GlQgy7ihJhPcz6OsllCqGgxaN5/XgnAJOlgKCW84HxSB8ZzCY55H4lQ==",
      "dev": true
    }
  }
}
